{
  "name": "exercise-3",
  "version": "1.0.0",
  "lockfileVersion": 3,
  "requires": true,
  "packages": {
    "": {
      "name": "exercise-3",
      "version": "1.0.0",
      "license": "ISC",
      "dependencies": {
        "cat-ascii-faces": "^2.0.0",
        "chalk": "^5.4.1",
        "figlet": "^1.6.0"
      }
    },
    "node_modules/cat-ascii-faces": {
      "version": "2.0.0",
      "resolved": "https://registry.npmjs.org/cat-ascii-faces/-/cat-ascii-faces-2.0.0.tgz",
      "integrity": "sha512-ReYqrCrNZBwN1XAsoMlDNB++0IlXEzMQe7iDril1pOdZMEC/QV1bIW40HFO0FsquhROEtnisWj7v+NdePXKjlA==",
      "license": "BSD",
      "dependencies": {
        "stream-array": "~1.0.1"
      },
      "bin": {
        "cat-face": "cli.js"
      }
    },
    "node_modules/chalk": {
      "version": "5.4.1",
      "resolved": "https://registry.npmjs.org/chalk/-/chalk-5.4.1.tgz",
      "integrity": "sha512-zgVZuo2WcZgfUEmsn6eO3kINexW8RAE4maiQ8QNs8CtpPCSyMiYsULR3HQYkm3w8FIA3SberyMJMSldGsW+U3w==",
      "license": "MIT",
      "engines": {
        "node": "^12.17.0 || ^14.13 || >=16.0.0"
      },
      "funding": {
        "url": "https://github.com/chalk/chalk?sponsor=1"
      }
    },
    "node_modules/core-util-is": {
      "version": "1.0.3",
      "resolved": "https://registry.npmjs.org/core-util-is/-/core-util-is-1.0.3.tgz",
      "integrity": "sha512-ZQBvi1DcpJ4GDqanjucZ2Hj3wEO5pZDS89BWbkcrvdxksJorwUDDZamX9ldFkp9aw2lmBDLgkObEA4DWNJ9FYQ==",
      "license": "MIT"
    },
    "node_modules/fastqueue": {
      "version": "0.1.0",
      "resolved": "https://registry.npmjs.org/fastqueue/-/fastqueue-0.1.0.tgz",
      "integrity": "sha512-LLnJ2SwDHvX6XVAhOv3tJJegon1maeXLpnhEq0LSfUSW2GziksHb1EQcEWUzjh5tGbT4qa7jw6z737PhVpdmag=="
    },
    "node_modules/figlet": {
      "version": "1.8.0",
      "resolved": "https://registry.npmjs.org/figlet/-/figlet-1.8.0.tgz",
      "integrity": "sha512-chzvGjd+Sp7KUvPHZv6EXV5Ir3Q7kYNpCr4aHrRW79qFtTefmQZNny+W1pW9kf5zeE6dikku2W50W/wAH2xWgw==",
      "license": "MIT",
      "bin": {
        "figlet": "bin/index.js"
      },
      "engines": {
        "node": ">= 0.4.0"
      }
    },
    "node_modules/inherits": {
      "version": "2.0.4",
      "resolved": "https://registry.npmjs.org/inherits/-/inherits-2.0.4.tgz",
      "integrity": "sha512-k/vGaX4/Yla3WzyMCvTQOXYeIHvqOKtnqBduzTHpzpQZzAskKMhZ2K+EnBiSM9zGSoIFeMpXKxa4dYeZIQqewQ==",
      "license": "ISC"
    },
    "node_modules/isarray": {
      "version": "0.0.1",
      "resolved": "https://registry.npmjs.org/isarray/-/isarray-0.0.1.tgz",
      "integrity": "sha512-D2S+3GLxWH+uhrNEcoh/fnmYeP8E8/zHl644d/jdA0g2uyXvy3sb0qxotE+ne0LtccHknQzWwZEzhak7oJ0COQ==",
      "license": "MIT"
    },
    "node_modules/readable-stream": {
      "version": "1.1.14",
      "resolved": "https://registry.npmjs.org/readable-stream/-/readable-stream-1.1.14.tgz",
      "integrity": "sha512-+MeVjFf4L44XUkhM1eYbD8fyEsxcV81pqMSR5gblfcLCHfZvbrqy4/qYHE+/R5HoBUT11WV5O08Cr1n3YXkWVQ==",
      "license": "MIT",
      "dependencies": {
        "core-util-is": "~1.0.0",
        "inherits": "~2.0.1",
        "isarray": "0.0.1",
        "string_decoder": "~0.10.x"
      }
    },
    "node_modules/stream-array": {
      "version": "1.0.2",
      "resolved": "https://registry.npmjs.org/stream-array/-/stream-array-1.0.2.tgz",
      "integrity": "sha512-dmIXxX4RG6BZ5EbNiYDwjqtalxa1NN6Kdkcjt6f8r+CZldypV/kmjN57P+GI33SQWPqx7l9faonPeDbsk/J65Q==",
      "engines": [
        "node >= 0.8.0"
      ],
      "license": [
        {
          "type": "MIT",
          "url": "http://opensource.org/licenses/MIT"
        }
      ],
      "dependencies": {
        "fastqueue": "~0.1.0",
        "readable-stream": "~1.1.0"
      }
    },
    "node_modules/string_decoder": {
      "version": "0.10.31",
      "resolved": "https://registry.npmjs.org/string_decoder/-/string_decoder-0.10.31.tgz",
      "integrity": "sha512-ev2QzSzWPYmy9GuqfIVildA4OdcGLeFZQrq5ys6RtiuF+RQQiZWr8TZNyAcuVXyQRYfEO+MsoB/1BuQVhOJuoQ==",
      "license": "MIT"
    }
  }
}
